<?xml version="1.0" encoding="utf-8"?>
<Project ToolsVersion="4.0" xmlns="http://schemas.microsoft.com/developer/msbuild/2003">
  <ItemGroup>
    <Filter Include="Source Files">
      <UniqueIdentifier>{4FC737F1-C7A5-4376-A066-2A32D752A2FF}</UniqueIdentifier>
      <Extensions>cpp;c;cc;cxx;def;odl;idl;hpj;bat;asm;asmx</Extensions>
    </Filter>
    <Filter Include="Header Files">
      <UniqueIdentifier>{93995380-89BD-4b04-88EB-625FBE52EBFB}</UniqueIdentifier>
      <Extensions>h;hh;hpp;hxx;hm;inl;inc;xsd</Extensions>
    </Filter>
    <Filter Include="Source Files\lua">
      <UniqueIdentifier>{430f0e50-b528-4321-8f2b-8cfbc8b9b643}</UniqueIdentifier>
    </Filter>
    <Filter Include="Source Files\lua\interface">
      <UniqueIdentifier>{110088fc-478e-41cd-9e59-1103aca120c1}</UniqueIdentifier>
    </Filter>
    <Filter Include="Source Files\lua\oldconsole">
      <UniqueIdentifier>{94906968-68ff-41ab-9bba-2d7360576c94}</UniqueIdentifier>
    </Filter>
    <Filter Include="Source Files\lua\socket">
      <UniqueIdentifier>{fc63120b-3c09-4286-8de6-63246830fd5d}</UniqueIdentifier>
    </Filter>
    <Filter Include="Source Files\client">
      <UniqueIdentifier>{5e004d41-78dd-498b-93ea-e46bdbd8350a}</UniqueIdentifier>
    </Filter>
    <Filter Include="Source Files\client\requestbroker">
      <UniqueIdentifier>{2d5b5f63-3768-4f04-8e56-afbe275e7a4f}</UniqueIdentifier>
    </Filter>
    <Filter Include="Source Files\misc">
      <UniqueIdentifier>{3a8497ad-193a-45c3-9dc9-baf0706a7976}</UniqueIdentifier>
    </Filter>
    <Filter Include="Source Files\misc\debug">
      <UniqueIdentifier>{efc48560-a1d1-4395-8158-e1f511a39499}</UniqueIdentifier>
    </Filter>
    <Filter Include="Source Files\misc\powdertoyjava">
      <UniqueIdentifier>{492e5100-8e94-4afe-9680-c68d2744d4fc}</UniqueIdentifier>
    </Filter>
    <Filter Include="Source Files\misc\resampler">
      <UniqueIdentifier>{fa467726-d84b-47d1-8eae-51dc2bc7f8aa}</UniqueIdentifier>
    </Filter>
    <Filter Include="Source Files\misc\tasks">
      <UniqueIdentifier>{344b279c-11ab-402a-a2a0-a153fc31878b}</UniqueIdentifier>
    </Filter>
    <Filter Include="Source Files\misc\bson">
      <UniqueIdentifier>{c7adf01a-ad7a-452f-8112-d720d1936a07}</UniqueIdentifier>
    </Filter>
    <Filter Include="Source Files\misc\cajun">
      <UniqueIdentifier>{0e86e0a2-0e6b-4606-9b65-de5e18dedc3c}</UniqueIdentifier>
    </Filter>
    <Filter Include="Source Files\simulation">
      <UniqueIdentifier>{d6b408a4-6fde-4ebd-8e8b-ab9ec745e428}</UniqueIdentifier>
    </Filter>
    <Filter Include="Source Files\simulation\elements">
      <UniqueIdentifier>{f6e77155-60e2-47b2-acac-675ff9eb5738}</UniqueIdentifier>
    </Filter>
    <Filter Include="Source Files\simulation\elements\notelements">
      <UniqueIdentifier>{40303139-0d67-4822-beea-481511eb9724}</UniqueIdentifier>
    </Filter>
    <Filter Include="Source Files\simulation\simtools">
      <UniqueIdentifier>{4fc27893-ed70-46e3-95e8-1f207c0a14af}</UniqueIdentifier>
    </Filter>
    <Filter Include="Source Files\gui">
      <UniqueIdentifier>{05036ab4-3b1a-410e-8eba-974ad8eeebd0}</UniqueIdentifier>
    </Filter>
    <Filter Include="Source Files\gui\colorpicker">
      <UniqueIdentifier>{e7c04b0e-9b28-420a-8234-bc3735ec5686}</UniqueIdentifier>
    </Filter>
    <Filter Include="Source Files\gui\console">
      <UniqueIdentifier>{2b1ab4d2-b85e-4671-9b09-af52cb452905}</UniqueIdentifier>
    </Filter>
    <Filter Include="Source Files\gui\dialogs">
      <UniqueIdentifier>{e2d54085-214d-40fd-a037-e66cfe355000}</UniqueIdentifier>
    </Filter>
    <Filter Include="Source Files\gui\elementsearch">
      <UniqueIdentifier>{f96c525a-b1f0-438b-868e-5b01e1f9d760}</UniqueIdentifier>
    </Filter>
    <Filter Include="Source Files\gui\localsavebrowser">
      <UniqueIdentifier>{520ce305-04b0-4c2b-a2d6-d8cac465fa60}</UniqueIdentifier>
    </Filter>
    <Filter Include="Source Files\gui\game">
      <UniqueIdentifier>{ec46bff8-b1ff-4f71-b584-1480f8f046dd}</UniqueIdentifier>
    </Filter>
    <Filter Include="Source Files\gui\game\tools">
      <UniqueIdentifier>{2679d8da-de42-4730-8d5d-9ee6d75a5720}</UniqueIdentifier>
    </Filter>
    <Filter Include="Source Files\gui\game\brushes">
      <UniqueIdentifier>{0c618436-4326-4397-b587-ff70669c8114}</UniqueIdentifier>
    </Filter>
    <Filter Include="Source Files\gui\interface">
      <UniqueIdentifier>{b4fdd36b-ff26-48de-86a7-ba7861dc9549}</UniqueIdentifier>
    </Filter>
    <Filter Include="Source Files\gui\stampbrowser">
      <UniqueIdentifier>{0175f6a1-31e5-49ba-8ad2-ef0789a61830}</UniqueIdentifier>
    </Filter>
    <Filter Include="Source Files\gui\login">
      <UniqueIdentifier>{2eda2edf-afd6-45aa-ab8d-97e08c6b02e5}</UniqueIdentifier>
    </Filter>
    <Filter Include="Source Files\gui\options">
      <UniqueIdentifier>{0eecaff4-0b7b-4055-80ac-827f91f649f0}</UniqueIdentifier>
    </Filter>
    <Filter Include="Source Files\gui\savepreview">
      <UniqueIdentifier>{6464fc65-ab9a-4b81-88c6-8d1432e2388d}</UniqueIdentifier>
    </Filter>
    <Filter Include="Source Files\gui\profile">
      <UniqueIdentifier>{5e6821b8-8df5-4736-997b-888c1718ff85}</UniqueIdentifier>
    </Filter>
    <Filter Include="Source Files\gui\renderoptions">
      <UniqueIdentifier>{46c373ec-174d-4b6e-8e36-cc132ced5c9c}</UniqueIdentifier>
    </Filter>
    <Filter Include="Source Files\gui\save">
      <UniqueIdentifier>{ac306d16-8144-412d-be1b-b1ed0a97eedb}</UniqueIdentifier>
    </Filter>
    <Filter Include="Source Files\gui\search">
      <UniqueIdentifier>{03bfe69d-41d9-47b5-8fc4-3a5c83a19b22}</UniqueIdentifier>
    </Filter>
    <Filter Include="Source Files\gui\tags">
      <UniqueIdentifier>{58f70560-f8ec-41b4-9c01-ff63cd1ff834}</UniqueIdentifier>
    </Filter>
    <Filter Include="Source Files\gui\update">
      <UniqueIdentifier>{6307818a-3320-464a-80fe-d4f04fdfd411}</UniqueIdentifier>
    </Filter>
    <Filter Include="Source Files\graphics">
      <UniqueIdentifier>{24092a91-7c0c-4eb9-8d10-9dec057661e0}</UniqueIdentifier>
    </Filter>
    <Filter Include="Source Files\generated">
      <UniqueIdentifier>{639eb807-bdc3-422a-9617-24fb28060970}</UniqueIdentifier>
    </Filter>
    <Filter Include="Source Files\data">
      <UniqueIdentifier>{b5b28b22-5fee-44bf-8fe8-880ea16dc722}</UniqueIdentifier>
    </Filter>
  </ItemGroup>
  <ItemGroup>
    <ClCompile Include="src\Format.cpp">
      <Filter>Source Files</Filter>
    </ClCompile>
    <ClCompile Include="src\Misc.cpp">
      <Filter>Source Files</Filter>
    </ClCompile>
    <ClCompile Include="src\PowderToyRenderer.cpp">
      <Filter>Source Files</Filter>
    </ClCompile>
    <ClCompile Include="src\PowderToySDL.cpp">
      <Filter>Source Files</Filter>
    </ClCompile>
    <ClCompile Include="src\Update.cpp">
      <Filter>Source Files</Filter>
    </ClCompile>
    <ClCompile Include="src\simulation\elements\116.cpp">
      <Filter>Source Files\simulation\elements</Filter>
    </ClCompile>
    <ClCompile Include="src\simulation\elements\146.cpp">
      <Filter>Source Files\simulation\elements</Filter>
    </ClCompile>
    <ClCompile Include="src\simulation\elements\ACEL.cpp">
      <Filter>Source Files\simulation\elements</Filter>
    </ClCompile>
    <ClCompile Include="src\simulation\elements\ACID.cpp">
      <Filter>Source Files\simulation\elements</Filter>
    </ClCompile>
    <ClCompile Include="src\simulation\elements\AMTR.cpp">
      <Filter>Source Files\simulation\elements</Filter>
    </ClCompile>
    <ClCompile Include="src\simulation\elements\ANAR.cpp">
      <Filter>Source Files\simulation\elements</Filter>
    </ClCompile>
    <ClCompile Include="src\simulation\elements\ARAY.cpp">
      <Filter>Source Files\simulation\elements</Filter>
    </ClCompile>
    <ClCompile Include="src\simulation\elements\BANG.cpp">
      <Filter>Source Files\simulation\elements</Filter>
    </ClCompile>
    <ClCompile Include="src\simulation\elements\BCLN.cpp">
      <Filter>Source Files\simulation\elements</Filter>
    </ClCompile>
    <ClCompile Include="src\simulation\elements\BCOL.cpp">
      <Filter>Source Files\simulation\elements</Filter>
    </ClCompile>
    <ClCompile Include="src\simulation\elements\BGLA.cpp">
      <Filter>Source Files\simulation\elements</Filter>
    </ClCompile>
    <ClCompile Include="src\simulation\elements\BHOL.cpp">
      <Filter>Source Files\simulation\elements</Filter>
    </ClCompile>
    <ClCompile Include="src\simulation\elements\BIZR.cpp">
      <Filter>Source Files\simulation\elements</Filter>
    </ClCompile>
    <ClCompile Include="src\simulation\elements\BIZRG.cpp">
      <Filter>Source Files\simulation\elements</Filter>
    </ClCompile>
    <ClCompile Include="src\simulation\elements\BIZRS.cpp">
      <Filter>Source Files\simulation\elements</Filter>
    </ClCompile>
    <ClCompile Include="src\simulation\elements\BMTL.cpp">
      <Filter>Source Files\simulation\elements</Filter>
    </ClCompile>
    <ClCompile Include="src\simulation\elements\BOMB.cpp">
      <Filter>Source Files\simulation\elements</Filter>
    </ClCompile>
    <ClCompile Include="src\simulation\elements\BOYL.cpp">
      <Filter>Source Files\simulation\elements</Filter>
    </ClCompile>
    <ClCompile Include="src\simulation\elements\BRAY.cpp">
      <Filter>Source Files\simulation\elements</Filter>
    </ClCompile>
    <ClCompile Include="src\simulation\elements\BRCK.cpp">
      <Filter>Source Files\simulation\elements</Filter>
    </ClCompile>
    <ClCompile Include="src\simulation\elements\BREC.cpp">
      <Filter>Source Files\simulation\elements</Filter>
    </ClCompile>
    <ClCompile Include="src\simulation\elements\BRMT.cpp">
      <Filter>Source Files\simulation\elements</Filter>
    </ClCompile>
    <ClCompile Include="src\simulation\elements\BTRY.cpp">
      <Filter>Source Files\simulation\elements</Filter>
    </ClCompile>
    <ClCompile Include="src\simulation\elements\BVBR.cpp">
      <Filter>Source Files\simulation\elements</Filter>
    </ClCompile>
    <ClCompile Include="src\simulation\elements\C5.cpp">
      <Filter>Source Files\simulation\elements</Filter>
    </ClCompile>
    <ClCompile Include="src\simulation\elements\CAUS.cpp">
      <Filter>Source Files\simulation\elements</Filter>
    </ClCompile>
    <ClCompile Include="src\simulation\elements\CBNW.cpp">
      <Filter>Source Files\simulation\elements</Filter>
    </ClCompile>
    <ClCompile Include="src\simulation\elements\CFLM.cpp">
      <Filter>Source Files\simulation\elements</Filter>
    </ClCompile>
    <ClCompile Include="src\simulation\elements\CLNE.cpp">
      <Filter>Source Files\simulation\elements</Filter>
    </ClCompile>
    <ClCompile Include="src\simulation\elements\CNCT.cpp">
      <Filter>Source Files\simulation\elements</Filter>
    </ClCompile>
    <ClCompile Include="src\simulation\elements\CLST.cpp">
      <Filter>Source Files\simulation\elements</Filter>
    </ClCompile>
    <ClCompile Include="src\simulation\elements\CO2.cpp">
      <Filter>Source Files\simulation\elements</Filter>
    </ClCompile>
    <ClCompile Include="src\simulation\elements\COAL.cpp">
      <Filter>Source Files\simulation\elements</Filter>
    </ClCompile>
    <ClCompile Include="src\simulation\elements\CONV.cpp">
      <Filter>Source Files\simulation\elements</Filter>
    </ClCompile>
    <ClCompile Include="src\simulation\elements\CRAY.cpp">
      <Filter>Source Files\simulation\elements</Filter>
    </ClCompile>
    <ClCompile Include="src\simulation\elements\DCEL.cpp">
      <Filter>Source Files\simulation\elements</Filter>
    </ClCompile>
    <ClCompile Include="src\simulation\elements\DESL.cpp">
      <Filter>Source Files\simulation\elements</Filter>
    </ClCompile>
    <ClCompile Include="src\simulation\elements\DEST.cpp">
      <Filter>Source Files\simulation\elements</Filter>
    </ClCompile>
    <ClCompile Include="src\simulation\elements\DEUT.cpp">
      <Filter>Source Files\simulation\elements</Filter>
    </ClCompile>
    <ClCompile Include="src\simulation\elements\DLAY.cpp">
      <Filter>Source Files\simulation\elements</Filter>
    </ClCompile>
    <ClCompile Include="src\simulation\elements\DMG.cpp">
      <Filter>Source Files\simulation\elements</Filter>
    </ClCompile>
    <ClCompile Include="src\simulation\elements\DMND.cpp">
      <Filter>Source Files\simulation\elements</Filter>
    </ClCompile>
    <ClCompile Include="src\simulation\elements\DRIC.cpp">
      <Filter>Source Files\simulation\elements</Filter>
    </ClCompile>
    <ClCompile Include="src\simulation\elements\DTEC.cpp">
      <Filter>Source Files\simulation\elements</Filter>
    </ClCompile>
    <ClCompile Include="src\simulation\elements\DSTW.cpp">
      <Filter>Source Files\simulation\elements</Filter>
    </ClCompile>
    <ClCompile Include="src\simulation\elements\DUST.cpp">
      <Filter>Source Files\simulation\elements</Filter>
    </ClCompile>
    <ClCompile Include="src\simulation\elements\DYST.cpp">
      <Filter>Source Files\simulation\elements</Filter>
    </ClCompile>
    <ClCompile Include="src\simulation\elements\ELEC.cpp">
      <Filter>Source Files\simulation\elements</Filter>
    </ClCompile>
    <ClCompile Include="src\simulation\elements\EMBR.cpp">
      <Filter>Source Files\simulation\elements</Filter>
    </ClCompile>
    <ClCompile Include="src\simulation\elements\EMP.cpp">
      <Filter>Source Files\simulation\elements</Filter>
    </ClCompile>
    <ClCompile Include="src\simulation\elements\ETRD.cpp">
      <Filter>Source Files\simulation\elements</Filter>
    </ClCompile>
    <ClCompile Include="src\simulation\elements\EXOT.cpp">
      <Filter>Source Files\simulation\elements</Filter>
    </ClCompile>
    <ClCompile Include="src\simulation\elements\FIGH.cpp">
      <Filter>Source Files\simulation\elements</Filter>
    </ClCompile>
    <ClCompile Include="src\simulation\elements\FILT.cpp">
      <Filter>Source Files\simulation\elements</Filter>
    </ClCompile>
    <ClCompile Include="src\simulation\elements\FIRE.cpp">
      <Filter>Source Files\simulation\elements</Filter>
    </ClCompile>
    <ClCompile Include="src\simulation\elements\FIRW.cpp">
      <Filter>Source Files\simulation\elements</Filter>
    </ClCompile>
    <ClCompile Include="src\simulation\elements\FOG.cpp">
      <Filter>Source Files\simulation\elements</Filter>
    </ClCompile>
    <ClCompile Include="src\simulation\elements\FRAY.cpp">
      <Filter>Source Files\simulation\elements</Filter>
    </ClCompile>
    <ClCompile Include="src\simulation\elements\FRME.cpp">
      <Filter>Source Files\simulation\elements</Filter>
    </ClCompile>
    <ClCompile Include="src\simulation\elements\FRZW.cpp">
      <Filter>Source Files\simulation\elements</Filter>
    </ClCompile>
    <ClCompile Include="src\simulation\elements\FRZZ.cpp">
      <Filter>Source Files\simulation\elements</Filter>
    </ClCompile>
    <ClCompile Include="src\simulation\elements\FSEP.cpp">
      <Filter>Source Files\simulation\elements</Filter>
    </ClCompile>
    <ClCompile Include="src\simulation\elements\FUSE.cpp">
      <Filter>Source Files\simulation\elements</Filter>
    </ClCompile>
    <ClCompile Include="src\simulation\elements\FWRK.cpp">
      <Filter>Source Files\simulation\elements</Filter>
    </ClCompile>
    <ClCompile Include="src\simulation\elements\GAS.cpp">
      <Filter>Source Files\simulation\elements</Filter>
    </ClCompile>
    <ClCompile Include="src\simulation\elements\GLOW.cpp">
      <Filter>Source Files\simulation\elements</Filter>
    </ClCompile>
    <ClCompile Include="src\simulation\elements\GLAS.cpp">
      <Filter>Source Files\simulation\elements</Filter>
    </ClCompile>
    <ClCompile Include="src\simulation\elements\GEL.cpp">
      <Filter>Source Files\simulation\elements</Filter>
    </ClCompile>
    <ClCompile Include="src\simulation\elements\GBMB.cpp">
      <Filter>Source Files\simulation\elements</Filter>
    </ClCompile>
    <ClCompile Include="src\simulation\elements\GOO.cpp">
      <Filter>Source Files\simulation\elements</Filter>
    </ClCompile>
    <ClCompile Include="src\simulation\elements\GOLD.cpp">
      <Filter>Source Files\simulation\elements</Filter>
    </ClCompile>
    <ClCompile Include="src\simulation\elements\GPMP.cpp">
      <Filter>Source Files\simulation\elements</Filter>
    </ClCompile>
    <ClCompile Include="src\simulation\elements\GRAV.cpp">
      <Filter>Source Files\simulation\elements</Filter>
    </ClCompile>
    <ClCompile Include="src\simulation\elements\GUNP.cpp">
      <Filter>Source Files\simulation\elements</Filter>
    </ClCompile>
    <ClCompile Include="src\simulation\elements\H2.cpp">
      <Filter>Source Files\simulation\elements</Filter>
    </ClCompile>
    <ClCompile Include="src\simulation\elements\HSWC.cpp">
      <Filter>Source Files\simulation\elements</Filter>
    </ClCompile>
    <ClCompile Include="src\simulation\elements\ICEI.cpp">
      <Filter>Source Files\simulation\elements</Filter>
    </ClCompile>
    <ClCompile Include="src\simulation\elements\IGNT.cpp">
      <Filter>Source Files\simulation\elements</Filter>
    </ClCompile>
    <ClCompile Include="src\simulation\elements\INSL.cpp">
      <Filter>Source Files\simulation\elements</Filter>
    </ClCompile>
    <ClCompile Include="src\simulation\elements\INST.cpp">
      <Filter>Source Files\simulation\elements</Filter>
    </ClCompile>
    <ClCompile Include="src\simulation\elements\INVIS.cpp">
      <Filter>Source Files\simulation\elements</Filter>
    </ClCompile>
    <ClCompile Include="src\simulation\elements\INWR.cpp">
      <Filter>Source Files\simulation\elements</Filter>
    </ClCompile>
    <ClCompile Include="src\simulation\elements\IRON.cpp">
      <Filter>Source Files\simulation\elements</Filter>
    </ClCompile>
    <ClCompile Include="src\simulation\elements\ISOZ.cpp">
      <Filter>Source Files\simulation\elements</Filter>
    </ClCompile>
    <ClCompile Include="src\simulation\elements\ISZS.cpp">
      <Filter>Source Files\simulation\elements</Filter>
    </ClCompile>
    <ClCompile Include="src\simulation\elements\LAVA.cpp">
      <Filter>Source Files\simulation\elements</Filter>
    </ClCompile>
    <ClCompile Include="src\simulation\elements\LCRY.cpp">
      <Filter>Source Files\simulation\elements</Filter>
    </ClCompile>
    <ClCompile Include="src\simulation\elements\LIFE.cpp">
      <Filter>Source Files\simulation\elements</Filter>
    </ClCompile>
    <ClCompile Include="src\simulation\elements\LIGH.cpp">
      <Filter>Source Files\simulation\elements</Filter>
    </ClCompile>
    <ClCompile Include="src\simulation\elements\LNTG.cpp">
      <Filter>Source Files\simulation\elements</Filter>
    </ClCompile>
    <ClCompile Include="src\simulation\elements\LO2.cpp">
      <Filter>Source Files\simulation\elements</Filter>
    </ClCompile>
    <ClCompile Include="src\simulation\elements\LOLZ.cpp">
      <Filter>Source Files\simulation\elements</Filter>
    </ClCompile>
    <ClCompile Include="src\simulation\elements\LOVE.cpp">
      <Filter>Source Files\simulation\elements</Filter>
    </ClCompile>
    <ClCompile Include="src\simulation\elements\LRBD.cpp">
      <Filter>Source Files\simulation\elements</Filter>
    </ClCompile>
    <ClCompile Include="src\simulation\elements\MERC.cpp">
      <Filter>Source Files\simulation\elements</Filter>
    </ClCompile>
    <ClCompile Include="src\simulation\elements\METL.cpp">
      <Filter>Source Files\simulation\elements</Filter>
    </ClCompile>
    <ClCompile Include="src\simulation\elements\MORT.cpp">
      <Filter>Source Files\simulation\elements</Filter>
    </ClCompile>
    <ClCompile Include="src\simulation\elements\MWAX.cpp">
      <Filter>Source Files\simulation\elements</Filter>
    </ClCompile>
    <ClCompile Include="src\simulation\elements\NBHL.cpp">
      <Filter>Source Files\simulation\elements</Filter>
    </ClCompile>
    <ClCompile Include="src\simulation\elements\NBLE.cpp">
      <Filter>Source Files\simulation\elements</Filter>
    </ClCompile>
    <ClCompile Include="src\simulation\elements\NEUT.cpp">
      <Filter>Source Files\simulation\elements</Filter>
    </ClCompile>
    <ClCompile Include="src\simulation\elements\NICE.cpp">
      <Filter>Source Files\simulation\elements</Filter>
    </ClCompile>
    <ClCompile Include="src\simulation\elements\NITR.cpp">
      <Filter>Source Files\simulation\elements</Filter>
    </ClCompile>
    <ClCompile Include="src\simulation\elements\NONE.cpp">
      <Filter>Source Files\simulation\elements</Filter>
    </ClCompile>
    <ClCompile Include="src\simulation\elements\NWHL.cpp">
      <Filter>Source Files\simulation\elements</Filter>
    </ClCompile>
    <ClCompile Include="src\simulation\elements\NTCT.cpp">
      <Filter>Source Files\simulation\elements</Filter>
    </ClCompile>
    <ClCompile Include="src\simulation\elements\NSCN.cpp">
      <Filter>Source Files\simulation\elements</Filter>
    </ClCompile>
    <ClCompile Include="src\simulation\elements\O2.cpp">
      <Filter>Source Files\simulation\elements</Filter>
    </ClCompile>
    <ClCompile Include="src\simulation\elements\OIL.cpp">
      <Filter>Source Files\simulation\elements</Filter>
    </ClCompile>
    <ClCompile Include="src\simulation\elements\PBCN.cpp">
      <Filter>Source Files\simulation\elements</Filter>
    </ClCompile>
    <ClCompile Include="src\simulation\elements\PCLN.cpp">
      <Filter>Source Files\simulation\elements</Filter>
    </ClCompile>
    <ClCompile Include="src\simulation\elements\PHOT.cpp">
      <Filter>Source Files\simulation\elements</Filter>
    </ClCompile>
    <ClCompile Include="src\simulation\elements\PIPE.cpp">
      <Filter>Source Files\simulation\elements</Filter>
    </ClCompile>
    <ClCompile Include="src\simulation\elements\PLEX.cpp">
      <Filter>Source Files\simulation\elements</Filter>
    </ClCompile>
    <ClCompile Include="src\simulation\elements\PLNT.cpp">
      <Filter>Source Files\simulation\elements</Filter>
    </ClCompile>
    <ClCompile Include="src\simulation\elements\PLSM.cpp">
      <Filter>Source Files\simulation\elements</Filter>
    </ClCompile>
    <ClCompile Include="src\simulation\elements\PLUT.cpp">
      <Filter>Source Files\simulation\elements</Filter>
    </ClCompile>
    <ClCompile Include="src\simulation\elements\PPIP.cpp">
      <Filter>Source Files\simulation\elements</Filter>
    </ClCompile>
    <ClCompile Include="src\simulation\elements\PQRT.cpp">
      <Filter>Source Files\simulation\elements</Filter>
    </ClCompile>
    <ClCompile Include="src\simulation\elements\PROT.cpp">
      <Filter>Source Files\simulation\elements</Filter>
    </ClCompile>
    <ClCompile Include="src\simulation\elements\PRTI.cpp">
      <Filter>Source Files\simulation\elements</Filter>
    </ClCompile>
    <ClCompile Include="src\simulation\elements\PRTO.cpp">
      <Filter>Source Files\simulation\elements</Filter>
    </ClCompile>
    <ClCompile Include="src\simulation\elements\PSCN.cpp">
      <Filter>Source Files\simulation\elements</Filter>
    </ClCompile>
    <ClCompile Include="src\simulation\elements\PSNS.cpp">
      <Filter>Source Files\simulation\elements</Filter>
    </ClCompile>
    <ClCompile Include="src\simulation\elements\PSTE.cpp">
      <Filter>Source Files\simulation\elements</Filter>
    </ClCompile>
    <ClCompile Include="src\simulation\elements\PSTN.cpp">
      <Filter>Source Files\simulation\elements</Filter>
    </ClCompile>
    <ClCompile Include="src\simulation\elements\PSTS.cpp">
      <Filter>Source Files\simulation\elements</Filter>
    </ClCompile>
    <ClCompile Include="src\simulation\elements\PTCT.cpp">
      <Filter>Source Files\simulation\elements</Filter>
    </ClCompile>
    <ClCompile Include="src\simulation\elements\PUMP.cpp">
      <Filter>Source Files\simulation\elements</Filter>
    </ClCompile>
    <ClCompile Include="src\simulation\elements\PVOD.cpp">
      <Filter>Source Files\simulation\elements</Filter>
    </ClCompile>
    <ClCompile Include="src\simulation\elements\QRTZ.cpp">
      <Filter>Source Files\simulation\elements</Filter>
    </ClCompile>
    <ClCompile Include="src\simulation\elements\RBDM.cpp">
      <Filter>Source Files\simulation\elements</Filter>
    </ClCompile>
    <ClCompile Include="src\simulation\elements\REPL.cpp">
      <Filter>Source Files\simulation\elements</Filter>
    </ClCompile>
    <ClCompile Include="src\simulation\elements\RIME.cpp">
      <Filter>Source Files\simulation\elements</Filter>
    </ClCompile>
    <ClCompile Include="src\simulation\elements\SALT.cpp">
      <Filter>Source Files\simulation\elements</Filter>
    </ClCompile>
    <ClCompile Include="src\simulation\elements\SAND.cpp">
      <Filter>Source Files\simulation\elements</Filter>
    </ClCompile>
    <ClCompile Include="src\simulation\elements\SHLD1.cpp">
      <Filter>Source Files\simulation\elements</Filter>
    </ClCompile>
    <ClCompile Include="src\simulation\elements\SHLD2.cpp">
      <Filter>Source Files\simulation\elements</Filter>
    </ClCompile>
    <ClCompile Include="src\simulation\elements\SHLD3.cpp">
      <Filter>Source Files\simulation\elements</Filter>
    </ClCompile>
    <ClCompile Include="src\simulation\elements\SHLD4.cpp">
      <Filter>Source Files\simulation\elements</Filter>
    </ClCompile>
    <ClCompile Include="src\simulation\elements\SING.cpp">
      <Filter>Source Files\simulation\elements</Filter>
    </ClCompile>
    <ClCompile Include="src\simulation\elements\SLTW.cpp">
      <Filter>Source Files\simulation\elements</Filter>
    </ClCompile>
    <ClCompile Include="src\simulation\elements\SNOW.cpp">
      <Filter>Source Files\simulation\elements</Filter>
    </ClCompile>
    <ClCompile Include="src\simulation\elements\SMKE.cpp">
      <Filter>Source Files\simulation\elements</Filter>
    </ClCompile>
    <ClCompile Include="src\simulation\elements\SOAP.cpp">
      <Filter>Source Files\simulation\elements</Filter>
    </ClCompile>
    <ClCompile Include="src\simulation\elements\SPAWN.cpp">
      <Filter>Source Files\simulation\elements</Filter>
    </ClCompile>
    <ClCompile Include="src\simulation\elements\SPAWN2.cpp">
      <Filter>Source Files\simulation\elements</Filter>
    </ClCompile>
    <ClCompile Include="src\simulation\elements\SPRK.cpp">
      <Filter>Source Files\simulation\elements</Filter>
    </ClCompile>
    <ClCompile Include="src\simulation\elements\SPNG.cpp">
      <Filter>Source Files\simulation\elements</Filter>
    </ClCompile>
    <ClCompile Include="src\simulation\elements\STKM2.cpp">
      <Filter>Source Files\simulation\elements</Filter>
    </ClCompile>
    <ClCompile Include="src\simulation\elements\STKM.cpp">
      <Filter>Source Files\simulation\elements</Filter>
    </ClCompile>
    <ClCompile Include="src\simulation\elements\STOR.cpp">
      <Filter>Source Files\simulation\elements</Filter>
    </ClCompile>
    <ClCompile Include="src\simulation\elements\STNE.cpp">
      <Filter>Source Files\simulation\elements</Filter>
    </ClCompile>
    <ClCompile Include="src\simulation\elements\SWCH.cpp">
      <Filter>Source Files\simulation\elements</Filter>
    </ClCompile>
    <ClCompile Include="src\simulation\elements\TESC.cpp">
      <Filter>Source Files\simulation\elements</Filter>
    </ClCompile>
    <ClCompile Include="src\simulation\elements\THDR.cpp">
      <Filter>Source Files\simulation\elements</Filter>
    </ClCompile>
    <ClCompile Include="src\simulation\elements\THRM.cpp">
      <Filter>Source Files\simulation\elements</Filter>
    </ClCompile>
    <ClCompile Include="src\simulation\elements\TRON.cpp">
      <Filter>Source Files\simulation\elements</Filter>
    </ClCompile>
    <ClCompile Include="src\simulation\elements\TSNS.cpp">
      <Filter>Source Files\simulation\elements</Filter>
    </ClCompile>
    <ClCompile Include="src\simulation\elements\TTAN.cpp">
      <Filter>Source Files\simulation\elements</Filter>
    </ClCompile>
    <ClCompile Include="src\simulation\elements\TUNG.cpp">
      <Filter>Source Files\simulation\elements</Filter>
    </ClCompile>
    <ClCompile Include="src\simulation\elements\URAN.cpp">
      <Filter>Source Files\simulation\elements</Filter>
    </ClCompile>
    <ClCompile Include="src\simulation\elements\VIBR.cpp">
      <Filter>Source Files\simulation\elements</Filter>
    </ClCompile>
    <ClCompile Include="src\simulation\elements\VINE.cpp">
      <Filter>Source Files\simulation\elements</Filter>
    </ClCompile>
    <ClCompile Include="src\simulation\elements\VIRS.cpp">
      <Filter>Source Files\simulation\elements</Filter>
    </ClCompile>
    <ClCompile Include="src\simulation\elements\VOID.cpp">
      <Filter>Source Files\simulation\elements</Filter>
    </ClCompile>
    <ClCompile Include="src\simulation\elements\VRSG.cpp">
      <Filter>Source Files\simulation\elements</Filter>
    </ClCompile>
    <ClCompile Include="src\simulation\elements\VRSS.cpp">
      <Filter>Source Files\simulation\elements</Filter>
    </ClCompile>
    <ClCompile Include="src\simulation\elements\WARP.cpp">
      <Filter>Source Files\simulation\elements</Filter>
    </ClCompile>
    <ClCompile Include="src\simulation\elements\WATR.cpp">
      <Filter>Source Files\simulation\elements</Filter>
    </ClCompile>
    <ClCompile Include="src\simulation\elements\WAX.cpp">
      <Filter>Source Files\simulation\elements</Filter>
    </ClCompile>
    <ClCompile Include="src\simulation\elements\WHOL.cpp">
      <Filter>Source Files\simulation\elements</Filter>
    </ClCompile>
    <ClCompile Include="src\simulation\elements\WIFI.cpp">
      <Filter>Source Files\simulation\elements</Filter>
    </ClCompile>
    <ClCompile Include="src\simulation\elements\WIRE.cpp">
      <Filter>Source Files\simulation\elements</Filter>
    </ClCompile>
    <ClCompile Include="src\simulation\elements\WOOD.cpp">
      <Filter>Source Files\simulation\elements</Filter>
    </ClCompile>
    <ClCompile Include="src\simulation\elements\WTRV.cpp">
      <Filter>Source Files\simulation\elements</Filter>
    </ClCompile>
    <ClCompile Include="src\simulation\elements\YEST.cpp">
      <Filter>Source Files\simulation\elements</Filter>
    </ClCompile>
    <ClCompile Include="src\simulation\Air.cpp">
      <Filter>Source Files\simulation</Filter>
    </ClCompile>
    <ClCompile Include="src\simulation\Gravity.cpp">
      <Filter>Source Files\simulation</Filter>
    </ClCompile>
    <ClCompile Include="src\simulation\Particle.cpp">
      <Filter>Source Files\simulation</Filter>
    </ClCompile>
    <ClCompile Include="src\simulation\SaveRenderer.cpp">
      <Filter>Source Files\simulation</Filter>
    </ClCompile>
    <ClCompile Include="src\simulation\Sign.cpp">
      <Filter>Source Files\simulation</Filter>
    </ClCompile>
    <ClCompile Include="src\simulation\Simulation.cpp">
      <Filter>Source Files\simulation</Filter>
    </ClCompile>
    <ClCompile Include="src\simulation\SimulationData.cpp">
      <Filter>Source Files\simulation</Filter>
    </ClCompile>
    <ClCompile Include="src\simulation\elements\Element.cpp">
      <Filter>Source Files\simulation\elements\notelements</Filter>
    </ClCompile>
    <ClCompile Include="src\socket\auxiliar.c">
      <Filter>Source Files\lua\socket</Filter>
    </ClCompile>
    <ClCompile Include="src\socket\buffer.c">
      <Filter>Source Files\lua\socket</Filter>
    </ClCompile>
    <ClCompile Include="src\socket\except.c">
      <Filter>Source Files\lua\socket</Filter>
    </ClCompile>
    <ClCompile Include="src\socket\inet.c">
      <Filter>Source Files\lua\socket</Filter>
    </ClCompile>
    <ClCompile Include="src\socket\io.c">
      <Filter>Source Files\lua\socket</Filter>
    </ClCompile>
    <ClCompile Include="src\socket\luasocket.c">
      <Filter>Source Files\lua\socket</Filter>
    </ClCompile>
    <ClCompile Include="src\socket\options.c">
      <Filter>Source Files\lua\socket</Filter>
    </ClCompile>
    <ClCompile Include="src\socket\select.c">
      <Filter>Source Files\lua\socket</Filter>
    </ClCompile>
    <ClCompile Include="src\socket\socket.lua.cpp">
      <Filter>Source Files\lua\socket</Filter>
    </ClCompile>
    <ClCompile Include="src\socket\tcp.c">
      <Filter>Source Files\lua\socket</Filter>
    </ClCompile>
    <ClCompile Include="src\socket\timeout.c">
      <Filter>Source Files\lua\socket</Filter>
    </ClCompile>
    <ClCompile Include="src\socket\udp.c">
      <Filter>Source Files\lua\socket</Filter>
    </ClCompile>
    <ClCompile Include="src\socket\unix.c">
      <Filter>Source Files\lua\socket</Filter>
    </ClCompile>
    <ClCompile Include="src\socket\usocket.c">
      <Filter>Source Files\lua\socket</Filter>
    </ClCompile>
    <ClCompile Include="src\socket\wsocket.c">
      <Filter>Source Files\lua\socket</Filter>
    </ClCompile>
    <ClCompile Include="src\client\Client.cpp">
      <Filter>Source Files\client</Filter>
    </ClCompile>
    <ClCompile Include="src\client\GameSave.cpp">
      <Filter>Source Files\client</Filter>
    </ClCompile>
    <ClCompile Include="src\client\HTTP.cpp">
      <Filter>Source Files\client</Filter>
    </ClCompile>
    <ClCompile Include="src\client\MD5.cpp">
      <Filter>Source Files\client</Filter>
    </ClCompile>
    <ClCompile Include="src\client\SaveFile.cpp">
      <Filter>Source Files\client</Filter>
    </ClCompile>
    <ClCompile Include="src\client\SaveInfo.cpp">
      <Filter>Source Files\client</Filter>
    </ClCompile>
    <ClCompile Include="src\client\requestbroker\APIRequest.cpp">
      <Filter>Source Files\client\requestbroker</Filter>
    </ClCompile>
    <ClCompile Include="src\client\requestbroker\ImageRequest.cpp">
      <Filter>Source Files\client\requestbroker</Filter>
    </ClCompile>
    <ClCompile Include="src\client\requestbroker\RequestBroker.cpp">
      <Filter>Source Files\client\requestbroker</Filter>
    </ClCompile>
    <ClCompile Include="src\client\requestbroker\ThumbRenderRequest.cpp">
      <Filter>Source Files\client\requestbroker</Filter>
    </ClCompile>
    <ClCompile Include="src\client\requestbroker\WebRequest.cpp">
      <Filter>Source Files\client\requestbroker</Filter>
    </ClCompile>
    <ClCompile Include="src\bson\BSON.cpp">
      <Filter>Source Files\misc\bson</Filter>
    </ClCompile>
    <ClCompile Include="src\cajun\elements.cpp">
      <Filter>Source Files\misc\cajun</Filter>
    </ClCompile>
    <ClCompile Include="src\cajun\reader.cpp">
      <Filter>Source Files\misc\cajun</Filter>
    </ClCompile>
    <ClCompile Include="src\cajun\writer.cpp">
      <Filter>Source Files\misc\cajun</Filter>
    </ClCompile>
    <ClCompile Include="src\debug\ElementPopulation.cpp">
      <Filter>Source Files\misc\debug</Filter>
    </ClCompile>
    <ClCompile Include="src\tasks\Task.cpp">
      <Filter>Source Files\misc\tasks</Filter>
    </ClCompile>
    <ClCompile Include="src\tasks\TaskWindow.cpp">
      <Filter>Source Files\misc\tasks</Filter>
    </ClCompile>
    <ClCompile Include="src\resampler\resampler.cpp">
      <Filter>Source Files\misc\resampler</Filter>
    </ClCompile>
    <ClCompile Include="src\powdertoyjava\PowderToyJava.cpp">
      <Filter>Source Files\misc\powdertoyjava</Filter>
    </ClCompile>
    <ClCompile Include="src\gui\colourpicker\ColourPickerActivity.cpp">
      <Filter>Source Files\gui\colorpicker</Filter>
    </ClCompile>
    <ClCompile Include="src\gui\console\ConsoleController.cpp">
      <Filter>Source Files\gui\console</Filter>
    </ClCompile>
    <ClCompile Include="src\gui\console\ConsoleModel.cpp">
      <Filter>Source Files\gui\console</Filter>
    </ClCompile>
    <ClCompile Include="src\gui\console\ConsoleView.cpp">
      <Filter>Source Files\gui\console</Filter>
    </ClCompile>
    <ClCompile Include="src\gui\dialogues\ConfirmPrompt.cpp">
      <Filter>Source Files\gui\dialogs</Filter>
    </ClCompile>
    <ClCompile Include="src\gui\dialogues\ErrorMessage.cpp">
      <Filter>Source Files\gui\dialogs</Filter>
    </ClCompile>
    <ClCompile Include="src\gui\dialogues\InformationMessage.cpp">
      <Filter>Source Files\gui\dialogs</Filter>
    </ClCompile>
    <ClCompile Include="src\gui\dialogues\SaveIDMessage.cpp">
      <Filter>Source Files\gui\dialogs</Filter>
    </ClCompile>
    <ClCompile Include="src\gui\dialogues\TextPrompt.cpp">
      <Filter>Source Files\gui\dialogs</Filter>
    </ClCompile>
    <ClCompile Include="src\gui\elementsearch\ElementSearchActivity.cpp">
      <Filter>Source Files\gui\elementsearch</Filter>
    </ClCompile>
    <ClCompile Include="src\gui\filebrowser\FileBrowserActivity.cpp">
      <Filter>Source Files\gui\localsavebrowser</Filter>
    </ClCompile>
    <ClCompile Include="src\gui\game\GameController.cpp">
      <Filter>Source Files\gui\game</Filter>
    </ClCompile>
    <ClCompile Include="src\gui\game\GameModel.cpp">
      <Filter>Source Files\gui\game</Filter>
    </ClCompile>
    <ClCompile Include="src\gui\game\GameView.cpp">
      <Filter>Source Files\gui\game</Filter>
    </ClCompile>
    <ClCompile Include="src\gui\game\ToolButton.cpp">
      <Filter>Source Files\gui\game</Filter>
    </ClCompile>
    <ClCompile Include="src\gui\game\Brush.cpp">
      <Filter>Source Files\gui\game\brushes</Filter>
    </ClCompile>
    <ClCompile Include="src\gui\game\PropertyTool.cpp">
      <Filter>Source Files\gui\game\tools</Filter>
    </ClCompile>
    <ClCompile Include="src\gui\game\SignTool.cpp">
      <Filter>Source Files\gui\game\tools</Filter>
    </ClCompile>
    <ClCompile Include="src\gui\game\SampleTool.cpp">
      <Filter>Source Files\gui\game\tools</Filter>
    </ClCompile>
    <ClCompile Include="src\gui\game\Tool.cpp">
      <Filter>Source Files\gui\game\tools</Filter>
    </ClCompile>
    <ClCompile Include="src\gui\interface\Appearance.cpp">
      <Filter>Source Files\gui\interface</Filter>
    </ClCompile>
    <ClCompile Include="src\gui\interface\AvatarButton.cpp">
      <Filter>Source Files\gui\interface</Filter>
    </ClCompile>
    <ClCompile Include="src\gui\interface\Button.cpp">
      <Filter>Source Files\gui\interface</Filter>
    </ClCompile>
    <ClCompile Include="src\gui\interface\Checkbox.cpp">
      <Filter>Source Files\gui\interface</Filter>
    </ClCompile>
    <ClCompile Include="src\gui\interface\Component.cpp">
      <Filter>Source Files\gui\interface</Filter>
    </ClCompile>
    <ClCompile Include="src\gui\interface\ContextMenu.cpp">
      <Filter>Source Files\gui\interface</Filter>
    </ClCompile>
    <ClCompile Include="src\gui\interface\CopyTextButton.cpp">
      <Filter>Source Files\gui\interface</Filter>
    </ClCompile>
    <ClCompile Include="src\gui\interface\DropDown.cpp">
      <Filter>Source Files\gui\interface</Filter>
    </ClCompile>
    <ClCompile Include="src\gui\interface\Engine.cpp">
      <Filter>Source Files\gui\interface</Filter>
    </ClCompile>
    <ClCompile Include="src\gui\interface\Label.cpp">
      <Filter>Source Files\gui\interface</Filter>
    </ClCompile>
    <ClCompile Include="src\gui\interface\Panel.cpp">
      <Filter>Source Files\gui\interface</Filter>
    </ClCompile>
    <ClCompile Include="src\gui\interface\ProgressBar.cpp">
      <Filter>Source Files\gui\interface</Filter>
    </ClCompile>
    <ClCompile Include="src\gui\interface\RichLabel.cpp">
      <Filter>Source Files\gui\interface</Filter>
    </ClCompile>
    <ClCompile Include="src\gui\interface\SaveButton.cpp">
      <Filter>Source Files\gui\interface</Filter>
    </ClCompile>
    <ClCompile Include="src\gui\interface\ScrollPanel.cpp">
      <Filter>Source Files\gui\interface</Filter>
    </ClCompile>
    <ClCompile Include="src\gui\interface\Slider.cpp">
      <Filter>Source Files\gui\interface</Filter>
    </ClCompile>
    <ClCompile Include="src\gui\interface\Spinner.cpp">
      <Filter>Source Files\gui\interface</Filter>
    </ClCompile>
    <ClCompile Include="src\gui\interface\Window.cpp">
      <Filter>Source Files\gui\interface</Filter>
    </ClCompile>
    <ClCompile Include="src\gui\interface\Textbox.cpp">
      <Filter>Source Files\gui\interface</Filter>
    </ClCompile>
    <ClCompile Include="src\gui\localbrowser\LocalBrowserController.cpp">
      <Filter>Source Files\gui\stampbrowser</Filter>
    </ClCompile>
    <ClCompile Include="src\gui\localbrowser\LocalBrowserModel.cpp">
      <Filter>Source Files\gui\stampbrowser</Filter>
    </ClCompile>
    <ClCompile Include="src\gui\localbrowser\LocalBrowserView.cpp">
      <Filter>Source Files\gui\stampbrowser</Filter>
    </ClCompile>
    <ClCompile Include="src\gui\login\LoginController.cpp">
      <Filter>Source Files\gui\login</Filter>
    </ClCompile>
    <ClCompile Include="src\gui\login\LoginModel.cpp">
      <Filter>Source Files\gui\login</Filter>
    </ClCompile>
    <ClCompile Include="src\gui\login\LoginView.cpp">
      <Filter>Source Files\gui\login</Filter>
    </ClCompile>
    <ClCompile Include="src\gui\options\OptionsController.cpp">
      <Filter>Source Files\gui\options</Filter>
    </ClCompile>
    <ClCompile Include="src\gui\options\OptionsModel.cpp">
      <Filter>Source Files\gui\options</Filter>
    </ClCompile>
    <ClCompile Include="src\gui\options\OptionsView.cpp">
      <Filter>Source Files\gui\options</Filter>
    </ClCompile>
    <ClCompile Include="src\gui\preview\PreviewModel.cpp">
      <Filter>Source Files\gui\savepreview</Filter>
    </ClCompile>
    <ClCompile Include="src\gui\preview\PreviewView.cpp">
      <Filter>Source Files\gui\savepreview</Filter>
    </ClCompile>
    <ClCompile Include="src\gui\preview\PreviewController.cpp">
      <Filter>Source Files\gui\savepreview</Filter>
    </ClCompile>
    <ClCompile Include="src\gui\profile\ProfileActivity.cpp">
      <Filter>Source Files\gui\profile</Filter>
    </ClCompile>
    <ClCompile Include="src\gui\render\RenderController.cpp">
      <Filter>Source Files\gui\renderoptions</Filter>
    </ClCompile>
    <ClCompile Include="src\gui\render\RenderModel.cpp">
      <Filter>Source Files\gui\renderoptions</Filter>
    </ClCompile>
    <ClCompile Include="src\gui\render\RenderView.cpp">
      <Filter>Source Files\gui\renderoptions</Filter>
    </ClCompile>
    <ClCompile Include="src\gui\save\ServerSaveActivity.cpp">
      <Filter>Source Files\gui\save</Filter>
    </ClCompile>
    <ClCompile Include="src\gui\save\LocalSaveActivity.cpp">
      <Filter>Source Files\gui\save</Filter>
    </ClCompile>
    <ClCompile Include="src\gui\search\SearchController.cpp">
      <Filter>Source Files\gui\search</Filter>
    </ClCompile>
    <ClCompile Include="src\gui\search\SearchModel.cpp">
      <Filter>Source Files\gui\search</Filter>
    </ClCompile>
    <ClCompile Include="src\gui\search\SearchView.cpp">
      <Filter>Source Files\gui\search</Filter>
    </ClCompile>
    <ClCompile Include="src\gui\search\Thumbnail.cpp">
      <Filter>Source Files\gui\search</Filter>
    </ClCompile>
    <ClCompile Include="src\gui\tags\TagsController.cpp">
      <Filter>Source Files\gui\tags</Filter>
    </ClCompile>
    <ClCompile Include="src\gui\tags\TagsModel.cpp">
      <Filter>Source Files\gui\tags</Filter>
    </ClCompile>
    <ClCompile Include="src\gui\tags\TagsView.cpp">
      <Filter>Source Files\gui\tags</Filter>
    </ClCompile>
    <ClCompile Include="src\gui\update\UpdateActivity.cpp">
      <Filter>Source Files\gui\update</Filter>
    </ClCompile>
    <ClCompile Include="src\gui\Style.cpp">
      <Filter>Source Files\gui</Filter>
    </ClCompile>
    <ClCompile Include="src\graphics\Graphics.cpp">
      <Filter>Source Files\graphics</Filter>
    </ClCompile>
    <ClCompile Include="src\graphics\OpenGLGraphics.cpp">
      <Filter>Source Files\graphics</Filter>
    </ClCompile>
    <ClCompile Include="src\graphics\Renderer.cpp">
      <Filter>Source Files\graphics</Filter>
    </ClCompile>
    <ClCompile Include="src\graphics\RasterGraphics.cpp">
      <Filter>Source Files\graphics</Filter>
    </ClCompile>
    <ClCompile Include="src\powdertoyjava\OpenGLCanvasWin32.cpp">
      <Filter>Source Files\misc\powdertoyjava</Filter>
    </ClCompile>
    <ClCompile Include="src\lua\LuaButton.cpp">
      <Filter>Source Files\lua\interface</Filter>
    </ClCompile>
    <ClCompile Include="src\lua\LuaCheckbox.cpp">
      <Filter>Source Files\lua\interface</Filter>
    </ClCompile>
    <ClCompile Include="src\lua\LuaComponent.cpp">
      <Filter>Source Files\lua\interface</Filter>
    </ClCompile>
    <ClCompile Include="src\lua\LuaLabel.cpp">
      <Filter>Source Files\lua\interface</Filter>
    </ClCompile>
    <ClCompile Include="src\lua\LuaProgressBar.cpp">
      <Filter>Source Files\lua\interface</Filter>
    </ClCompile>
    <ClCompile Include="src\lua\LuaSlider.cpp">
      <Filter>Source Files\lua\interface</Filter>
    </ClCompile>
    <ClCompile Include="src\lua\LuaTextbox.cpp">
      <Filter>Source Files\lua\interface</Filter>
    </ClCompile>
    <ClCompile Include="src\lua\LuaWindow.cpp">
      <Filter>Source Files\lua\interface</Filter>
    </ClCompile>
    <ClCompile Include="src\lua\CommandInterface.cpp">
      <Filter>Source Files\lua\oldconsole</Filter>
    </ClCompile>
    <ClCompile Include="src\lua\TPTScriptInterface.cpp">
      <Filter>Source Files\lua\oldconsole</Filter>
    </ClCompile>
    <ClCompile Include="src\lua\TPTSTypes.cpp">
      <Filter>Source Files\lua\oldconsole</Filter>
    </ClCompile>
    <ClCompile Include="src\lua\LuaBit.cpp">
      <Filter>Source Files\lua</Filter>
    </ClCompile>
    <ClCompile Include="src\lua\LuaScriptInterface.cpp">
      <Filter>Source Files\lua</Filter>
    </ClCompile>
    <ClCompile Include="src\lua\LegacyLuaAPI.cpp">
      <Filter>Source Files\lua</Filter>
    </ClCompile>
    <ClCompile Include="src\simulation\simtools\AirTool.cpp">
      <Filter>Source Files\simulation\simtools</Filter>
    </ClCompile>
    <ClCompile Include="src\simulation\simtools\Cool.cpp">
      <Filter>Source Files\simulation\simtools</Filter>
    </ClCompile>
    <ClCompile Include="src\simulation\simtools\Heat.cpp">
      <Filter>Source Files\simulation\simtools</Filter>
    </ClCompile>
    <ClCompile Include="src\simulation\simtools\NGrv.cpp">
      <Filter>Source Files\simulation\simtools</Filter>
    </ClCompile>
    <ClCompile Include="src\simulation\simtools\PGrv.cpp">
      <Filter>Source Files\simulation\simtools</Filter>
    </ClCompile>
    <ClCompile Include="src\simulation\simtools\SimTool.cpp">
      <Filter>Source Files\simulation\simtools</Filter>
    </ClCompile>
    <ClCompile Include="src\simulation\simtools\Vac.cpp">
      <Filter>Source Files\simulation\simtools</Filter>
    </ClCompile>
    <ClCompile Include="generated\ElementClasses.cpp">
      <Filter>Source Files\generated</Filter>
    </ClCompile>
    <ClCompile Include="generated\ToolClasses.cpp">
      <Filter>Source Files\generated</Filter>
    </ClCompile>
  </ItemGroup>
  <ItemGroup>
    <None Include="src\socket\socket.lua">
      <Filter>Source Files\lua\socket</Filter>
    </None>
    <None Include="src\powdertoyjava\OpenGLCanvasMacOS.mm">
      <Filter>Source Files\misc\powdertoyjava</Filter>
    </None>
    <None Include="src\graphics\OpenGLDrawMethods.inl">
      <Filter>Source Files\graphics</Filter>
    </None>
    <None Include="src\graphics\RasterDrawMethods.inl">
      <Filter>Source Files\graphics</Filter>
    </None>
    <None Include="src\graphics\DrawMethodsDef.inc">
      <Filter>Source Files\graphics</Filter>
    </None>
    <None Include="generator.py" />
  </ItemGroup>
  <ItemGroup>
    <ClInclude Include="SDLMain.h">
      <Filter>Header Files</Filter>
    </ClInclude>
    <ClInclude Include="src\Activity.h">
      <Filter>Header Files</Filter>
    </ClInclude>
    <ClInclude Include="src\Config.h">
      <Filter>Header Files</Filter>
    </ClInclude>
    <ClInclude Include="src\Controller.h">
      <Filter>Header Files</Filter>
    </ClInclude>
    <ClInclude Include="src\Format.h">
      <Filter>Header Files</Filter>
    </ClInclude>
    <ClInclude Include="src\Misc.h">
      <Filter>Header Files</Filter>
    </ClInclude>
    <ClInclude Include="src\PowderToy.h">
      <Filter>Header Files</Filter>
    </ClInclude>
    <ClInclude Include="src\Singleton.h">
      <Filter>Header Files</Filter>
    </ClInclude>
    <ClInclude Include="src\Update.h">
      <Filter>Header Files</Filter>
    </ClInclude>
    <ClInclude Include="src\simulation\Air.h">
      <Filter>Source Files\simulation</Filter>
    </ClInclude>
    <ClInclude Include="src\simulation\Element.h">
      <Filter>Source Files\simulation</Filter>
    </ClInclude>
    <ClInclude Include="src\simulation\ElementGraphics.h">
      <Filter>Source Files\simulation</Filter>
    </ClInclude>
    <ClInclude Include="src\simulation\Elements.h">
      <Filter>Source Files\simulation</Filter>
    </ClInclude>
    <ClInclude Include="src\simulation\GOLMenu.h">
      <Filter>Source Files\simulation</Filter>
    </ClInclude>
    <ClInclude Include="src\simulation\Gravity.h">
      <Filter>Source Files\simulation</Filter>
    </ClInclude>
    <ClInclude Include="src\simulation\MenuSection.h">
      <Filter>Source Files\simulation</Filter>
    </ClInclude>
    <ClInclude Include="src\simulation\Particle.h">
      <Filter>Source Files\simulation</Filter>
    </ClInclude>
    <ClInclude Include="src\simulation\Sample.h">
      <Filter>Source Files\simulation</Filter>
    </ClInclude>
    <ClInclude Include="src\simulation\SaveRenderer.h">
      <Filter>Source Files\simulation</Filter>
    </ClInclude>
    <ClInclude Include="src\simulation\Sign.h">
      <Filter>Source Files\simulation</Filter>
    </ClInclude>
    <ClInclude Include="src\simulation\Simulation.h">
      <Filter>Source Files\simulation</Filter>
    </ClInclude>
    <ClInclude Include="src\simulation\SimulationData.h">
      <Filter>Source Files\simulation</Filter>
    </ClInclude>
    <ClInclude Include="src\simulation\Snapshot.h">
      <Filter>Source Files\simulation</Filter>
    </ClInclude>
    <ClInclude Include="src\simulation\Stickman.h">
      <Filter>Source Files\simulation</Filter>
    </ClInclude>
    <ClInclude Include="src\simulation\StorageClasses.h">
      <Filter>Source Files\simulation</Filter>
    </ClInclude>
    <ClInclude Include="src\simulation\StructProperty.h">
      <Filter>Source Files\simulation</Filter>
    </ClInclude>
    <ClInclude Include="src\simulation\WallType.h">
      <Filter>Source Files\simulation</Filter>
    </ClInclude>
    <ClInclude Include="src\simulation\elements\Element.h">
      <Filter>Source Files\simulation\elements\notelements</Filter>
    </ClInclude>
    <ClInclude Include="src\socket\auxiliar.h">
      <Filter>Source Files\lua\socket</Filter>
    </ClInclude>
    <ClInclude Include="src\socket\buffer.h">
      <Filter>Source Files\lua\socket</Filter>
    </ClInclude>
    <ClInclude Include="src\socket\except.h">
      <Filter>Source Files\lua\socket</Filter>
    </ClInclude>
    <ClInclude Include="src\socket\inet.h">
      <Filter>Source Files\lua\socket</Filter>
    </ClInclude>
    <ClInclude Include="src\socket\io.h">
      <Filter>Source Files\lua\socket</Filter>
    </ClInclude>
    <ClInclude Include="src\socket\luasocket.h">
      <Filter>Source Files\lua\socket</Filter>
    </ClInclude>
    <ClInclude Include="src\socket\options.h">
      <Filter>Source Files\lua\socket</Filter>
    </ClInclude>
    <ClInclude Include="src\socket\select.h">
      <Filter>Source Files\lua\socket</Filter>
    </ClInclude>
    <ClInclude Include="src\socket\socket.h">
      <Filter>Source Files\lua\socket</Filter>
    </ClInclude>
    <ClInclude Include="src\socket\socket.lua.h">
      <Filter>Source Files\lua\socket</Filter>
    </ClInclude>
    <ClInclude Include="src\socket\tcp.h">
      <Filter>Source Files\lua\socket</Filter>
    </ClInclude>
    <ClInclude Include="src\socket\timeout.h">
      <Filter>Source Files\lua\socket</Filter>
    </ClInclude>
    <ClInclude Include="src\socket\udp.h">
      <Filter>Source Files\lua\socket</Filter>
    </ClInclude>
    <ClInclude Include="src\socket\unix.h">
      <Filter>Source Files\lua\socket</Filter>
    </ClInclude>
    <ClInclude Include="src\socket\usocket.h">
      <Filter>Source Files\lua\socket</Filter>
    </ClInclude>
    <ClInclude Include="src\socket\wsocket.h">
      <Filter>Source Files\lua\socket</Filter>
    </ClInclude>
    <ClInclude Include="src\client\Client.h">
      <Filter>Source Files\client</Filter>
    </ClInclude>
    <ClInclude Include="src\client\ClientListener.h">
      <Filter>Source Files\client</Filter>
    </ClInclude>
    <ClInclude Include="src\client\GameSave.h">
      <Filter>Source Files\client</Filter>
    </ClInclude>
    <ClInclude Include="src\client\HTTP.h">
      <Filter>Source Files\client</Filter>
    </ClInclude>
    <ClInclude Include="src\client\MD5.h">
      <Filter>Source Files\client</Filter>
    </ClInclude>
    <ClInclude Include="src\client\SaveFile.h">
      <Filter>Source Files\client</Filter>
    </ClInclude>
    <ClInclude Include="src\client\SaveInfo.h">
      <Filter>Source Files\client</Filter>
    </ClInclude>
    <ClInclude Include="src\client\User.h">
      <Filter>Source Files\client</Filter>
    </ClInclude>
    <ClInclude Include="src\client\UserInfo.h">
      <Filter>Source Files\client</Filter>
    </ClInclude>
    <ClInclude Include="src\client\requestbroker\APIRequest.h">
      <Filter>Source Files\client\requestbroker</Filter>
    </ClInclude>
    <ClInclude Include="src\client\requestbroker\APIResultParser.h">
      <Filter>Source Files\client\requestbroker</Filter>
    </ClInclude>
    <ClInclude Include="src\client\requestbroker\ImageRequest.h">
      <Filter>Source Files\client\requestbroker</Filter>
    </ClInclude>
    <ClInclude Include="src\client\requestbroker\RequestBroker.h">
      <Filter>Source Files\client\requestbroker</Filter>
    </ClInclude>
    <ClInclude Include="src\client\requestbroker\RequestListener.h">
      <Filter>Source Files\client\requestbroker</Filter>
    </ClInclude>
    <ClInclude Include="src\client\requestbroker\ThumbRenderRequest.h">
      <Filter>Source Files\client\requestbroker</Filter>
    </ClInclude>
    <ClInclude Include="src\client\requestbroker\WebRequest.h">
      <Filter>Source Files\client\requestbroker</Filter>
    </ClInclude>
    <ClInclude Include="src\bson\BSON.h">
      <Filter>Source Files\misc\bson</Filter>
    </ClInclude>
    <ClInclude Include="src\cajun\elements.h">
      <Filter>Source Files\misc\cajun</Filter>
    </ClInclude>
    <ClInclude Include="src\cajun\reader.h">
      <Filter>Source Files\misc\cajun</Filter>
    </ClInclude>
    <ClInclude Include="src\cajun\visitor.h">
      <Filter>Source Files\misc\cajun</Filter>
    </ClInclude>
    <ClInclude Include="src\cajun\writer.h">
      <Filter>Source Files\misc\cajun</Filter>
    </ClInclude>
    <ClInclude Include="src\debug\DebugInfo.h">
      <Filter>Source Files\misc\debug</Filter>
    </ClInclude>
    <ClInclude Include="src\debug\ElementPopulation.h">
      <Filter>Source Files\misc\debug</Filter>
    </ClInclude>
    <ClInclude Include="src\tasks\Task.h">
      <Filter>Source Files\misc\tasks</Filter>
    </ClInclude>
    <ClInclude Include="src\tasks\TaskListener.h">
      <Filter>Source Files\misc\tasks</Filter>
    </ClInclude>
    <ClInclude Include="src\tasks\TaskWindow.h">
      <Filter>Source Files\misc\tasks</Filter>
    </ClInclude>
    <ClInclude Include="src\resampler\resampler.h">
      <Filter>Source Files\misc\resampler</Filter>
    </ClInclude>
    <ClInclude Include="src\powdertoyjava\OpenGLCanvasMacOS.h">
      <Filter>Source Files\misc\powdertoyjava</Filter>
    </ClInclude>
    <ClInclude Include="src\powdertoyjava\OpenGLCanvasWin32.h">
      <Filter>Source Files\misc\powdertoyjava</Filter>
    </ClInclude>
    <ClInclude Include="src\powdertoyjava\PowderToyJava.h">
      <Filter>Source Files\misc\powdertoyjava</Filter>
    </ClInclude>
    <ClInclude Include="src\gui\colourpicker\ColourPickerActivity.h">
      <Filter>Source Files\gui\colorpicker</Filter>
    </ClInclude>
    <ClInclude Include="src\gui\console\ConsoleCommand.h">
      <Filter>Source Files\gui\console</Filter>
    </ClInclude>
    <ClInclude Include="src\gui\console\ConsoleController.h">
      <Filter>Source Files\gui\console</Filter>
    </ClInclude>
    <ClInclude Include="src\gui\console\ConsoleModel.h">
      <Filter>Source Files\gui\console</Filter>
    </ClInclude>
    <ClInclude Include="src\gui\console\ConsoleView.h">
      <Filter>Source Files\gui\console</Filter>
    </ClInclude>
    <ClInclude Include="src\gui\dialogues\ConfirmPrompt.h">
      <Filter>Source Files\gui\dialogs</Filter>
    </ClInclude>
    <ClInclude Include="src\gui\dialogues\ErrorMessage.h">
      <Filter>Source Files\gui\dialogs</Filter>
    </ClInclude>
    <ClInclude Include="src\gui\dialogues\InformationMessage.h">
      <Filter>Source Files\gui\dialogs</Filter>
    </ClInclude>
    <ClInclude Include="src\gui\dialogues\LegacyDialogues.h">
      <Filter>Source Files\gui\dialogs</Filter>
    </ClInclude>
    <ClInclude Include="src\gui\dialogues\SaveIDMessage.h">
      <Filter>Source Files\gui\dialogs</Filter>
    </ClInclude>
    <ClInclude Include="src\gui\dialogues\TextPrompt.h">
      <Filter>Source Files\gui\dialogs</Filter>
    </ClInclude>
    <ClInclude Include="src\gui\elementsearch\ElementSearchActivity.h">
      <Filter>Source Files\gui\elementsearch</Filter>
    </ClInclude>
    <ClInclude Include="src\gui\filebrowser\FileBrowserActivity.h">
      <Filter>Source Files\gui\localsavebrowser</Filter>
    </ClInclude>
    <ClInclude Include="src\gui\game\GameController.h">
      <Filter>Source Files\gui\game</Filter>
    </ClInclude>
    <ClInclude Include="src\gui\game\GameModel.h">
      <Filter>Source Files\gui\game</Filter>
    </ClInclude>
    <ClInclude Include="src\gui\game\GameModelException.h">
      <Filter>Source Files\gui\game</Filter>
    </ClInclude>
    <ClInclude Include="src\gui\game\GameView.h">
      <Filter>Source Files\gui\game</Filter>
    </ClInclude>
    <ClInclude Include="src\gui\game\Menu.h">
      <Filter>Source Files\gui\game</Filter>
    </ClInclude>
    <ClInclude Include="src\gui\game\Notification.h">
      <Filter>Source Files\gui\game</Filter>
    </ClInclude>
    <ClInclude Include="src\gui\game\QuickOptions.h">
      <Filter>Source Files\gui\game</Filter>
    </ClInclude>
    <ClInclude Include="src\gui\game\QuickOption.h">
      <Filter>Source Files\gui\game</Filter>
    </ClInclude>
    <ClInclude Include="src\gui\game\ToolButton.h">
      <Filter>Source Files\gui\game</Filter>
    </ClInclude>
    <ClInclude Include="src\gui\game\BitmapBrush.h">
      <Filter>Source Files\gui\game\brushes</Filter>
    </ClInclude>
    <ClInclude Include="src\gui\game\TriangleBrush.h">
      <Filter>Source Files\gui\game\brushes</Filter>
    </ClInclude>
    <ClInclude Include="src\gui\game\EllipseBrush.h">
      <Filter>Source Files\gui\game\brushes</Filter>
    </ClInclude>
    <ClInclude Include="src\gui\game\DecorationTool.h">
      <Filter>Source Files\gui\game\tools</Filter>
    </ClInclude>
    <ClInclude Include="src\gui\game\Tool.h">
      <Filter>Source Files\gui\game\tools</Filter>
    </ClInclude>
    <ClInclude Include="src\gui\game\Brush.h">
      <Filter>Source Files\gui\game\brushes</Filter>
    </ClInclude>
    <ClInclude Include="src\gui\interface\Appearance.h">
      <Filter>Source Files\gui\interface</Filter>
    </ClInclude>
    <ClInclude Include="src\gui\interface\AvatarButton.h">
      <Filter>Source Files\gui\interface</Filter>
    </ClInclude>
    <ClInclude Include="src\gui\interface\Border.h">
      <Filter>Source Files\gui\interface</Filter>
    </ClInclude>
    <ClInclude Include="src\gui\interface\Button.h">
      <Filter>Source Files\gui\interface</Filter>
    </ClInclude>
    <ClInclude Include="src\gui\interface\Checkbox.h">
      <Filter>Source Files\gui\interface</Filter>
    </ClInclude>
    <ClInclude Include="src\gui\interface\Colour.h">
      <Filter>Source Files\gui\interface</Filter>
    </ClInclude>
    <ClInclude Include="src\gui\interface\Component.h">
      <Filter>Source Files\gui\interface</Filter>
    </ClInclude>
    <ClInclude Include="src\gui\interface\ContextMenu.h">
      <Filter>Source Files\gui\interface</Filter>
    </ClInclude>
    <ClInclude Include="src\gui\interface\CopyTextButton.h">
      <Filter>Source Files\gui\interface</Filter>
    </ClInclude>
    <ClInclude Include="src\gui\interface\DropDown.h">
      <Filter>Source Files\gui\interface</Filter>
    </ClInclude>
    <ClInclude Include="src\gui\interface\Engine.h">
      <Filter>Source Files\gui\interface</Filter>
    </ClInclude>
    <ClInclude Include="src\gui\interface\Keys.h">
      <Filter>Source Files\gui\interface</Filter>
    </ClInclude>
    <ClInclude Include="src\gui\interface\Label.h">
      <Filter>Source Files\gui\interface</Filter>
    </ClInclude>
    <ClInclude Include="src\gui\interface\Panel.h">
      <Filter>Source Files\gui\interface</Filter>
    </ClInclude>
    <ClInclude Include="src\gui\interface\Platform.h">
      <Filter>Source Files\gui\interface</Filter>
    </ClInclude>
    <ClInclude Include="src\gui\interface\Point.h">
      <Filter>Source Files\gui\interface</Filter>
    </ClInclude>
    <ClInclude Include="src\gui\interface\ProgressBar.h">
      <Filter>Source Files\gui\interface</Filter>
    </ClInclude>
    <ClInclude Include="src\gui\interface\RichLabel.h">
      <Filter>Source Files\gui\interface</Filter>
    </ClInclude>
    <ClInclude Include="src\gui\interface\SaveButton.h">
      <Filter>Source Files\gui\interface</Filter>
    </ClInclude>
    <ClInclude Include="src\gui\interface\ScrollPanel.h">
      <Filter>Source Files\gui\interface</Filter>
    </ClInclude>
    <ClInclude Include="src\gui\interface\Slider.h">
      <Filter>Source Files\gui\interface</Filter>
    </ClInclude>
    <ClInclude Include="src\gui\interface\Spinner.h">
      <Filter>Source Files\gui\interface</Filter>
    </ClInclude>
    <ClInclude Include="src\gui\interface\Window.h">
      <Filter>Source Files\gui\interface</Filter>
    </ClInclude>
    <ClInclude Include="src\gui\interface\Textbox.h">
      <Filter>Source Files\gui\interface</Filter>
    </ClInclude>
    <ClInclude Include="src\gui\localbrowser\LocalBrowserController.h">
      <Filter>Source Files\gui\stampbrowser</Filter>
    </ClInclude>
    <ClInclude Include="src\gui\localbrowser\LocalBrowserModel.h">
      <Filter>Source Files\gui\stampbrowser</Filter>
    </ClInclude>
    <ClInclude Include="src\gui\localbrowser\LocalBrowserModelException.h">
      <Filter>Source Files\gui\stampbrowser</Filter>
    </ClInclude>
    <ClInclude Include="src\gui\localbrowser\LocalBrowserView.h">
      <Filter>Source Files\gui\stampbrowser</Filter>
    </ClInclude>
    <ClInclude Include="src\gui\login\LoginController.h">
      <Filter>Source Files\gui\login</Filter>
    </ClInclude>
    <ClInclude Include="src\gui\login\LoginModel.h">
      <Filter>Source Files\gui\login</Filter>
    </ClInclude>
    <ClInclude Include="src\gui\login\LoginView.h">
      <Filter>Source Files\gui\login</Filter>
    </ClInclude>
    <ClInclude Include="src\gui\options\OptionsView.h">
      <Filter>Source Files\gui\options</Filter>
    </ClInclude>
    <ClInclude Include="src\gui\options\OptionsModel.h">
      <Filter>Source Files\gui\options</Filter>
    </ClInclude>
    <ClInclude Include="src\gui\options\OptionsController.h">
      <Filter>Source Files\gui\options</Filter>
    </ClInclude>
    <ClInclude Include="src\gui\preview\Comment.h">
      <Filter>Source Files\gui\savepreview</Filter>
    </ClInclude>
    <ClInclude Include="src\gui\preview\PreviewModel.h">
      <Filter>Source Files\gui\savepreview</Filter>
    </ClInclude>
    <ClInclude Include="src\gui\preview\PreviewModelException.h">
      <Filter>Source Files\gui\savepreview</Filter>
    </ClInclude>
    <ClInclude Include="src\gui\preview\PreviewView.h">
      <Filter>Source Files\gui\savepreview</Filter>
    </ClInclude>
    <ClInclude Include="src\gui\preview\PreviewController.h">
      <Filter>Source Files\gui\savepreview</Filter>
    </ClInclude>
    <ClInclude Include="src\gui\profile\ProfileActivity.h">
      <Filter>Source Files\gui\profile</Filter>
    </ClInclude>
    <ClInclude Include="src\gui\render\RenderModel.h">
      <Filter>Source Files\gui\renderoptions</Filter>
    </ClInclude>
    <ClInclude Include="src\gui\render\RenderView.h">
      <Filter>Source Files\gui\renderoptions</Filter>
    </ClInclude>
    <ClInclude Include="src\gui\render\RenderController.h">
      <Filter>Source Files\gui\renderoptions</Filter>
    </ClInclude>
    <ClInclude Include="src\gui\save\LocalSaveActivity.h">
      <Filter>Source Files\gui\save</Filter>
    </ClInclude>
    <ClInclude Include="src\gui\save\ServerSaveActivity.h">
      <Filter>Source Files\gui\save</Filter>
    </ClInclude>
    <ClInclude Include="src\gui\search\SearchController.h">
      <Filter>Source Files\gui\search</Filter>
    </ClInclude>
    <ClInclude Include="src\gui\search\SearchModel.h">
      <Filter>Source Files\gui\search</Filter>
    </ClInclude>
    <ClInclude Include="src\gui\search\SearchView.h">
      <Filter>Source Files\gui\search</Filter>
    </ClInclude>
    <ClInclude Include="src\gui\search\Thumbnail.h">
      <Filter>Source Files\gui\search</Filter>
    </ClInclude>
    <ClInclude Include="src\gui\tags\TagsController.h">
      <Filter>Source Files\gui\tags</Filter>
    </ClInclude>
    <ClInclude Include="src\gui\tags\TagsModel.h">
      <Filter>Source Files\gui\tags</Filter>
    </ClInclude>
    <ClInclude Include="src\gui\tags\TagsModelException.h">
      <Filter>Source Files\gui\tags</Filter>
    </ClInclude>
    <ClInclude Include="src\gui\tags\TagsView.h">
      <Filter>Source Files\gui\tags</Filter>
    </ClInclude>
    <ClInclude Include="src\gui\update\UpdateActivity.h">
      <Filter>Source Files\gui\update</Filter>
    </ClInclude>
    <ClInclude Include="src\gui\Style.h">
      <Filter>Source Files\gui</Filter>
    </ClInclude>
    <ClInclude Include="src\graphics\Graphics.h">
      <Filter>Source Files\graphics</Filter>
    </ClInclude>
    <ClInclude Include="src\graphics\OpenGLHeaders.h">
      <Filter>Source Files\graphics</Filter>
    </ClInclude>
    <ClInclude Include="src\graphics\Renderer.h">
      <Filter>Source Files\graphics</Filter>
    </ClInclude>
    <ClInclude Include="data\font.h">
      <Filter>Source Files\data</Filter>
    </ClInclude>
    <ClInclude Include="data\hmap.h">
      <Filter>Source Files\data</Filter>
    </ClInclude>
    <ClInclude Include="data\icon.h">
      <Filter>Source Files\data</Filter>
    </ClInclude>
    <ClInclude Include="data\icondoc.h">
      <Filter>Source Files\data</Filter>
    </ClInclude>
    <ClInclude Include="data\images.h">
      <Filter>Source Files\data</Filter>
    </ClInclude>
    <ClInclude Include="data\IntroText.h">
      <Filter>Source Files\data</Filter>
    </ClInclude>
    <ClInclude Include="data\Shaders.h">
      <Filter>Source Files\data</Filter>
    </ClInclude>
    <ClInclude Include="src\gui\game\RenderPreset.h">
      <Filter>Source Files\gui\game</Filter>
    </ClInclude>
    <ClInclude Include="src\lua\LuaButton.h">
      <Filter>Source Files\lua\interface</Filter>
    </ClInclude>
    <ClInclude Include="src\lua\LuaCheckbox.h">
      <Filter>Source Files\lua\interface</Filter>
    </ClInclude>
    <ClInclude Include="src\lua\LuaComponent.h">
      <Filter>Source Files\lua\interface</Filter>
    </ClInclude>
    <ClInclude Include="src\lua\LuaLabel.h">
      <Filter>Source Files\lua\interface</Filter>
    </ClInclude>
    <ClInclude Include="src\lua\LuaProgressBar.h">
      <Filter>Source Files\lua\interface</Filter>
    </ClInclude>
    <ClInclude Include="src\lua\LuaSlider.h">
      <Filter>Source Files\lua\interface</Filter>
    </ClInclude>
    <ClInclude Include="src\lua\LuaTextbox.h">
      <Filter>Source Files\lua\interface</Filter>
    </ClInclude>
    <ClInclude Include="src\lua\LuaWindow.h">
      <Filter>Source Files\lua\interface</Filter>
    </ClInclude>
    <ClInclude Include="src\lua\CommandInterface.h">
      <Filter>Source Files\lua\oldconsole</Filter>
    </ClInclude>
    <ClInclude Include="src\lua\TPTScriptInterface.h">
      <Filter>Source Files\lua\oldconsole</Filter>
    </ClInclude>
    <ClInclude Include="src\lua\TPTSTypes.h">
      <Filter>Source Files\lua\oldconsole</Filter>
    </ClInclude>
    <ClInclude Include="src\lua\LuaBit.h">
      <Filter>Source Files\lua</Filter>
    </ClInclude>
    <ClInclude Include="src\lua\LuaLuna.h">
      <Filter>Source Files\lua</Filter>
    </ClInclude>
    <ClInclude Include="src\lua\LuaScriptHelper.h">
      <Filter>Source Files\lua</Filter>
    </ClInclude>
    <ClInclude Include="src\lua\LuaScriptInterface.h">
      <Filter>Source Files\lua</Filter>
    </ClInclude>
    <ClInclude Include="src\simulation\simtools\SimTool.h">
      <Filter>Source Files\simulation\simtools</Filter>
    </ClInclude>
    <ClInclude Include="generated\ElementClasses.h">
      <Filter>Source Files\generated</Filter>
    </ClInclude>
    <ClInclude Include="generated\ToolClasses.h">
      <Filter>Source Files\generated</Filter>
    </ClInclude>
  </ItemGroup>
  <ItemGroup>
    <ResourceCompile Include="resources\powder-res.rc">
      <Filter>Source Files\data</Filter>
    </ResourceCompile>
  </ItemGroup>
</Project>